<?xml version="1.0" encoding="utf-8"?>
<Project ToolsVersion="4.0" xmlns:atg="http://atg.xbox.com" xmlns="http://schemas.microsoft.com/developer/msbuild/2003">
  <ItemGroup>
    <Filter Include="Resource Files">
      <UniqueIdentifier>{8e114980-c1a3-4ada-ad7c-83caadf5daeb}</UniqueIdentifier>
      <Extensions>rc;ico;cur;bmp;dlg;rc2;rct;bin;rgs;gif;jpg;jpeg;jpe</Extensions>
    </Filter>
    <Filter Include="DXUT">
      <UniqueIdentifier>{a43c5c25-0e86-4a20-b64a-883785ff74fd}</UniqueIdentifier>
    </Filter>
    <Filter Include="Shaders">
      <UniqueIdentifier>{2c3d4c8c-5d1a-459a-a05a-a4e4b608a44e}</UniqueIdentifier>
      <Extensions>fx;fxh;hlsl</Extensions>
    </Filter>
    <Filter Include="Thing3D">
      <UniqueIdentifier>{0780c812-649f-43ab-a76b-da242a923c3a}</UniqueIdentifier>
    </Filter>
    <Filter Include="Tile">
      <UniqueIdentifier>{4ab5461d-b148-4bea-8d24-a8da91a2d994}</UniqueIdentifier>
    </Filter>
  </ItemGroup>
  <ItemGroup>
    <None Include="DXUT\Optional\directx.ico">
      <Filter>Resource Files</Filter>
    </None>
    <ClInclude Include="DXUT\Core\DXUT.h">
      <Filter>DXUT</Filter>
    </ClInclude>
    <ClInclude Include="DXUT\Core\DXUTDevice11.h">
      <Filter>DXUT</Filter>
    </ClInclude>
    <ClInclude Include="DXUT\Core\DXUTDevice9.h">
      <Filter>DXUT</Filter>
    </ClInclude>
    <ClInclude Include="DXUT\Core\DXUTmisc.h">
      <Filter>DXUT</Filter>
    </ClInclude>
    <ClCompile Include="DXUT\Core\DXUT.cpp">
      <Filter>DXUT</Filter>
    </ClCompile>
    <ClCompile Include="DXUT\Core\DXUTDevice11.cpp">
      <Filter>DXUT</Filter>
    </ClCompile>
    <ClCompile Include="DXUT\Core\DXUTDevice9.cpp">
      <Filter>DXUT</Filter>
    </ClCompile>
    <ClCompile Include="DXUT\Core\DXUTmisc.cpp">
      <Filter>DXUT</Filter>
    </ClCompile>
    <ClInclude Include="DXUT\Optional\DXUTgui.h">
      <Filter>DXUT</Filter>
    </ClInclude>
    <ClInclude Include="DXUT\Optional\DXUTres.h">
      <Filter>DXUT</Filter>
    </ClInclude>
    <ClInclude Include="DXUT\Optional\SDKmesh.h">
      <Filter>DXUT</Filter>
    </ClInclude>
    <ClInclude Include="DXUT\Optional\SDKmisc.h">
      <Filter>DXUT</Filter>
    </ClInclude>
    <ClCompile Include="DXUT\Optional\DXUTgui.cpp">
      <Filter>DXUT</Filter>
    </ClCompile>
    <ClCompile Include="DXUT\Optional\DXUTres.cpp">
      <Filter>DXUT</Filter>
    </ClCompile>
    <ClCompile Include="DXUT\Optional\SDKmesh.cpp">
      <Filter>DXUT</Filter>
    </ClCompile>
    <ClCompile Include="DXUT\Optional\SDKmisc.cpp">
      <Filter>DXUT</Filter>
    </ClCompile>
    <None Include="Thing3D_Common.hlsli">
      <Filter>Shaders</Filter>
    </None>
    <None Include="Thing3D_PS.hlsl">
      <Filter>Shaders</Filter>
    </None>
    <None Include="Thing3D_VS.hlsl">
      <Filter>Shaders</Filter>
    </None>
    <None Include="unlit.ps" />
    <None Include="unlit.vs" />
  </ItemGroup>
  <ItemGroup>
    <ClCompile Include="Soft351Game.cpp" />
    <ClCompile Include="Soft351Input.cpp" />
    <ClCompile Include="Soft351Renderer.cpp" />
    <ClCompile Include="Soft351Camera.cpp" />
    <ClCompile Include="Soft351Transform.cpp" />
    <ClCompile Include="Soft351GameObject.cpp" />
    <ClCompile Include="Soft351Mesh.cpp" />
    <ClCompile Include="Soft351Hud.cpp" />
    <ClCompile Include="Soft351PlayerObject.cpp" />
    <ClCompile Include="Soft351ResourceManager.cpp" />
    <ClCompile Include="Soft351World.cpp" />
    <ClCompile Include="Soft351WorldRow.cpp" />
    <ClCompile Include="Soft351WorldObject.cpp" />
    <ClCompile Include="Soft351GameManager.cpp" />
    <ClCompile Include="Soft351PickupObject.cpp" />
    <ClCompile Include="Soft351Sound.cpp" />
    <ClCompile Include="Soft351SoundFile.cpp" />
    <ClCompile Include="Soft351PoolManager.cpp" />
    <ClCompile Include="Soft351Sun.cpp" />
    <ClCompile Include="Soft351ShaderAbstract.cpp" />
    <ClCompile Include="Soft351ShaderAmbient.cpp" />
    <ClCompile Include="Soft351ShaderUnlit.cpp" />
    <ClCompile Include="start.cpp" />
  </ItemGroup>
  <ItemGroup>
    <CLInclude Include="resource.h">
      <Filter>Resource Files</Filter>
    </CLInclude>
    <ClInclude Include="Soft351Game.h" />
    <ClInclude Include="Soft351Input.h" />
    <ClInclude Include="Soft351Renderer.h" />
    <ClInclude Include="Soft351Camera.h" />
    <ClInclude Include="Soft351Transform.h" />
    <ClInclude Include="Soft351GameObject.h" />
    <ClInclude Include="Soft351Mesh.h" />
    <ClInclude Include="Soft351Hud.h" />
    <ClInclude Include="Soft351PlayerObject.h" />
    <ClInclude Include="Soft351ResourceManager.h" />
    <ClInclude Include="Soft351World.h" />
    <ClInclude Include="Soft351WorldRow.h" />
    <ClInclude Include="Soft351WorldObject.h" />
    <ClInclude Include="Soft351GameManager.h" />
    <ClInclude Include="Soft351PickupObject.h" />
    <ClInclude Include="Soft351Sound.h" />
    <ClInclude Include="Soft351SoundFile.h" />
    <ClInclude Include="Soft351PoolManager.h" />
    <ClInclude Include="Soft351VMathHelper.h" />
    <ClInclude Include="Soft351Sun.h" />
    <ClInclude Include="Soft351ShaderAbstract.h" />
    <ClInclude Include="Soft351ShaderAmbient.h" />
    <ClInclude Include="Soft351ShaderUnlit.h" />
    <ClInclude Include="resource1.h" />
  </ItemGroup>
  <ItemGroup>
    <ResourceCompile Include="Basic Thing3D.rc">
      <Filter>Resource Files</Filter>
    </ResourceCompile>
  </ItemGroup>
</Project>